
Microsoft Visual Studio Solution File, Format Version 12.00
# Visual Studio 15
VisualStudioVersion = 15.0.28010.2048
MinimumVisualStudioVersion = 10.0.40219.1
Project("{FAE04EC0-301F-11D3-BF4B-00C04F79EFBC}") = "QuanlyCuocDT", "QuanlyCuocDT\QuanlyCuocDT.csproj", "{17AD07F5-3E3C-4E85-84B5-C269906DA98D}"
EndProject
Global
	GlobalSection(SolutionConfigurationPlatforms) = preSolution
		Debug|Any CPU = Debug|Any CPU
		Release|Any CPU = Release|Any CPU
	EndGlobalSection
	GlobalSection(ProjectConfigurationPlatforms) = postSolution
		{17AD07F5-3E3C-4E85-84B5-C269906DA98D}.Debug|Any CPU.ActiveCfg = Debug|Any CPU
		{17AD07F5-3E3C-4E85-84B5-C269906DA98D}.Debug|Any CPU.Build.0 = Debug|Any CPU
		{17AD07F5-3E3C-4E85-84B5-C269906DA98D}.Release|Any CPU.ActiveCfg = Release|Any CPU
		{17AD07F5-3E3C-4E85-84B5-C269906DA98D}.Release|Any CPU.Build.0 = Release|Any CPU
	EndGlobalSection
	GlobalSection(SolutionProperties) = preSolution
		HideSolutionNode = FALSE
	EndGlobalSection
	GlobalSection(ExtensibilityGlobals) = postSolution
		SolutionGuid = {EB1443CF-8B2F-448D-90E0-B059C780C7B2}
	EndGlobalSection
EndGlobal
